
Microsoft Visual Studio Solution File, Format Version 12.00
# Visual Studio Version 16
VisualStudioVersion = 16.0.29728.190
MinimumVisualStudioVersion = 10.0.40219.1
Project("{FAE04EC0-301F-11D3-BF4B-00C04F79EFBC}") = "SaftyChildren", "SaftyChildren\SaftyChildren.csproj", "{AD9A7643-0504-4C3E-A8DD-C23B600DF20A}"
EndProject
Project("{FAE04EC0-301F-11D3-BF4B-00C04F79EFBC}") = "Bl", "Bl\Bl.csproj", "{A2C7FFDC-92DD-4E79-98FD-B71CEA4F951F}"
EndProject
Project("{FAE04EC0-301F-11D3-BF4B-00C04F79EFBC}") = "Dal", "Dal\Dal.csproj", "{C92328A3-E5D0-4E7A-ACE9-4C0887E05D8C}"
EndProject
Project("{FAE04EC0-301F-11D3-BF4B-00C04F79EFBC}") = "Dto", "Dto\Dto.csproj", "{D9F8A8C8-DE43-4E03-82A4-3DE0502B3338}"
EndProject
Project("{2150E333-8FDC-42A3-9474-1A3956D46DE8}") = "Solution Items", "Solution Items", "{C7D68AF9-9102-4F1A-BDA1-70FC73EBD167}"
	ProjectSection(SolutionItems) = preProject
		.editorconfig = .editorconfig
	EndProjectSection
EndProject
Global
	GlobalSection(SolutionConfigurationPlatforms) = preSolution
		Debug|Any CPU = Debug|Any CPU
		Release|Any CPU = Release|Any CPU
	EndGlobalSection
	GlobalSection(ProjectConfigurationPlatforms) = postSolution
		{AD9A7643-0504-4C3E-A8DD-C23B600DF20A}.Debug|Any CPU.ActiveCfg = Debug|Any CPU
		{AD9A7643-0504-4C3E-A8DD-C23B600DF20A}.Debug|Any CPU.Build.0 = Debug|Any CPU
		{AD9A7643-0504-4C3E-A8DD-C23B600DF20A}.Release|Any CPU.ActiveCfg = Release|Any CPU
		{AD9A7643-0504-4C3E-A8DD-C23B600DF20A}.Release|Any CPU.Build.0 = Release|Any CPU
		{A2C7FFDC-92DD-4E79-98FD-B71CEA4F951F}.Debug|Any CPU.ActiveCfg = Debug|Any CPU
		{A2C7FFDC-92DD-4E79-98FD-B71CEA4F951F}.Debug|Any CPU.Build.0 = Debug|Any CPU
		{A2C7FFDC-92DD-4E79-98FD-B71CEA4F951F}.Release|Any CPU.ActiveCfg = Release|Any CPU
		{A2C7FFDC-92DD-4E79-98FD-B71CEA4F951F}.Release|Any CPU.Build.0 = Release|Any CPU
		{C92328A3-E5D0-4E7A-ACE9-4C0887E05D8C}.Debug|Any CPU.ActiveCfg = Debug|Any CPU
		{C92328A3-E5D0-4E7A-ACE9-4C0887E05D8C}.Debug|Any CPU.Build.0 = Debug|Any CPU
		{C92328A3-E5D0-4E7A-ACE9-4C0887E05D8C}.Release|Any CPU.ActiveCfg = Release|Any CPU
		{C92328A3-E5D0-4E7A-ACE9-4C0887E05D8C}.Release|Any CPU.Build.0 = Release|Any CPU
		{D9F8A8C8-DE43-4E03-82A4-3DE0502B3338}.Debug|Any CPU.ActiveCfg = Debug|Any CPU
		{D9F8A8C8-DE43-4E03-82A4-3DE0502B3338}.Debug|Any CPU.Build.0 = Debug|Any CPU
		{D9F8A8C8-DE43-4E03-82A4-3DE0502B3338}.Release|Any CPU.ActiveCfg = Release|Any CPU
		{D9F8A8C8-DE43-4E03-82A4-3DE0502B3338}.Release|Any CPU.Build.0 = Release|Any CPU
	EndGlobalSection
	GlobalSection(SolutionProperties) = preSolution
		HideSolutionNode = FALSE
	EndGlobalSection
	GlobalSection(ExtensibilityGlobals) = postSolution
		SolutionGuid = {6DEDB3B2-B706-4557-93A4-D7CA771A774C}
	EndGlobalSection
EndGlobal
